
Microsoft Visual Studio Solution File, Format Version 12.00
# Visual Studio Version 16
VisualStudioVersion = 16.0.33027.164
MinimumVisualStudioVersion = 10.0.40219.1
Project("{FAE04EC0-301F-11D3-BF4B-00C04F79EFBC}") = "SeyahatWeb", "SeyahatWeb\SeyahatWeb.csproj", "{82C23E9C-8F25-4948-BECD-088D1857F687}"
EndProject
Project("{2150E333-8FDC-42A3-9474-1A3956D46DE8}") = "Font", "Font", "{B56D7AF8-4B3C-475D-A219-B93BFB94F87C}"
EndProject
Global
	GlobalSection(SolutionConfigurationPlatforms) = preSolution
		Debug|Any CPU = Debug|Any CPU
		Release|Any CPU = Release|Any CPU
	EndGlobalSection
	GlobalSection(ProjectConfigurationPlatforms) = postSolution
		{82C23E9C-8F25-4948-BECD-088D1857F687}.Debug|Any CPU.ActiveCfg = Debug|Any CPU
		{82C23E9C-8F25-4948-BECD-088D1857F687}.Debug|Any CPU.Build.0 = Debug|Any CPU
		{82C23E9C-8F25-4948-BECD-088D1857F687}.Release|Any CPU.ActiveCfg = Release|Any CPU
		{82C23E9C-8F25-4948-BECD-088D1857F687}.Release|Any CPU.Build.0 = Release|Any CPU
	EndGlobalSection
	GlobalSection(SolutionProperties) = preSolution
		HideSolutionNode = FALSE
	EndGlobalSection
	GlobalSection(ExtensibilityGlobals) = postSolution
		SolutionGuid = {515122C2-242A-4297-9A59-9D8AAFE89ED2}
	EndGlobalSection
EndGlobal
